<?xml version="1.0" encoding="utf-8"?>
<Project ToolsVersion="4.0" xmlns="http://schemas.microsoft.com/developer/msbuild/2003">
  <ItemGroup>
    <Filter Include="ソース ファイル">
      <UniqueIdentifier>{4FC737F1-C7A5-4376-A066-2A32D752A2FF}</UniqueIdentifier>
      <Extensions>cpp;c;cc;cxx;def;odl;idl;hpj;bat;asm;asmx</Extensions>
    </Filter>
    <Filter Include="ヘッダー ファイル">
      <UniqueIdentifier>{93995380-89BD-4b04-88EB-625FBE52EBFB}</UniqueIdentifier>
      <Extensions>h;hh;hpp;hxx;hm;inl;inc;ipp;xsd</Extensions>
    </Filter>
    <Filter Include="リソース ファイル">
      <UniqueIdentifier>{67DA6AB6-F800-4c08-8B7A-83BB121AAD01}</UniqueIdentifier>
      <Extensions>rc;ico;cur;bmp;dlg;rc2;rct;bin;rgs;gif;jpg;jpeg;jpe;resx;tiff;tif;png;wav;mfcribbon-ms</Extensions>
    </Filter>
    <Filter Include="ソース ファイル\OpenGL">
      <UniqueIdentifier>{213d493c-5f52-40cd-a299-d1d18fb67039}</UniqueIdentifier>
    </Filter>
    <Filter Include="ヘッダー ファイル\OpenGL">
      <UniqueIdentifier>{ed69a01f-0742-4e71-875d-5062e7011116}</UniqueIdentifier>
    </Filter>
    <Filter Include="ソース ファイル\OpenGL\MyGL">
      <UniqueIdentifier>{c5948fbf-3aa9-400b-a486-b6598b64bc1f}</UniqueIdentifier>
    </Filter>
    <Filter Include="ヘッダー ファイル\OpenGL\MyGL">
      <UniqueIdentifier>{2e90dbc0-abc1-4571-b1bf-2725e8abb154}</UniqueIdentifier>
    </Filter>
  </ItemGroup>
  <ItemGroup>
    <ClCompile Include="main.cpp">
      <Filter>ソース ファイル</Filter>
    </ClCompile>
    <ClCompile Include="MyLibrary\MyGL\MyGL.cpp">
      <Filter>ソース ファイル\OpenGL\MyGL</Filter>
    </ClCompile>
  </ItemGroup>
  <ItemGroup>
    <None Include="packages.config" />
  </ItemGroup>
  <ItemGroup>
    <ClInclude Include="MyLibrary\MyGL\MyGL.hpp">
      <Filter>ヘッダー ファイル\OpenGL\MyGL</Filter>
    </ClInclude>
  </ItemGroup>
</Project>