<?xml version="1.0" encoding="utf-8"?>
<Project ToolsVersion="4.0" xmlns="http://schemas.microsoft.com/developer/msbuild/2003">
  <ItemGroup>
    <Filter Include="ソース ファイル">
      <UniqueIdentifier>{4FC737F1-C7A5-4376-A066-2A32D752A2FF}</UniqueIdentifier>
      <Extensions>cpp;c;cc;cxx;def;odl;idl;hpj;bat;asm;asmx</Extensions>
    </Filter>
    <Filter Include="ヘッダー ファイル">
      <UniqueIdentifier>{93995380-89BD-4b04-88EB-625FBE52EBFB}</UniqueIdentifier>
      <Extensions>h;hh;hpp;hxx;hm;inl;inc;ipp;xsd</Extensions>
    </Filter>
    <Filter Include="リソース ファイル">
      <UniqueIdentifier>{67DA6AB6-F800-4c08-8B7A-83BB121AAD01}</UniqueIdentifier>
      <Extensions>rc;ico;cur;bmp;dlg;rc2;rct;bin;rgs;gif;jpg;jpeg;jpe;resx;tiff;tif;png;wav;mfcribbon-ms</Extensions>
    </Filter>
    <Filter Include="ソース ファイル\OpenGL">
      <UniqueIdentifier>{213d493c-5f52-40cd-a299-d1d18fb67039}</UniqueIdentifier>
    </Filter>
    <Filter Include="ヘッダー ファイル\OpenGL">
      <UniqueIdentifier>{ed69a01f-0742-4e71-875d-5062e7011116}</UniqueIdentifier>
    </Filter>
    <Filter Include="ソース ファイル\OpenGL\MyGL">
      <UniqueIdentifier>{c5948fbf-3aa9-400b-a486-b6598b64bc1f}</UniqueIdentifier>
    </Filter>
    <Filter Include="ヘッダー ファイル\OpenGL\MyGL">
      <UniqueIdentifier>{2e90dbc0-abc1-4571-b1bf-2725e8abb154}</UniqueIdentifier>
    </Filter>
    <Filter Include="ソース ファイル\SceneManager">
      <UniqueIdentifier>{396307f4-aa15-40fd-bdeb-18c532cec01f}</UniqueIdentifier>
    </Filter>
    <Filter Include="ヘッダー ファイル\SceneManager">
      <UniqueIdentifier>{ded9221c-5066-43e4-a0d1-089dd0321e4c}</UniqueIdentifier>
    </Filter>
    <Filter Include="ヘッダー ファイル\SceneManager\BaseScene">
      <UniqueIdentifier>{da853715-0ad9-4e76-a44a-05204a0d32cf}</UniqueIdentifier>
    </Filter>
    <Filter Include="ソース ファイル\SceneManager\TitleScene">
      <UniqueIdentifier>{9d19638c-b25d-431e-a723-f88d2e74e05b}</UniqueIdentifier>
    </Filter>
    <Filter Include="ヘッダー ファイル\SceneManager\TitleScene">
      <UniqueIdentifier>{8d5c138b-9b01-4bf8-a1e9-f5b4b6230e60}</UniqueIdentifier>
    </Filter>
    <Filter Include="ソース ファイル\SceneManager\GameScene">
      <UniqueIdentifier>{0aefeebb-144b-4ea8-b1d2-9699d79f4670}</UniqueIdentifier>
    </Filter>
    <Filter Include="ヘッダー ファイル\SceneManager\GameScene">
      <UniqueIdentifier>{fd2fc33f-6a70-40b2-bc35-c8c9f404434f}</UniqueIdentifier>
    </Filter>
    <Filter Include="ソース ファイル\SceneManager\ResultScene">
      <UniqueIdentifier>{aae7fa99-f0cc-4f97-800d-9819b18a1ac6}</UniqueIdentifier>
    </Filter>
    <Filter Include="ヘッダー ファイル\SceneManager\ResultScene">
      <UniqueIdentifier>{df83f4f6-452d-466d-b754-85df661e8cef}</UniqueIdentifier>
    </Filter>
    <Filter Include="ソース ファイル\OpenGL\PrintString">
      <UniqueIdentifier>{bdff7320-154f-483c-819c-d5dcc194ab1b}</UniqueIdentifier>
    </Filter>
    <Filter Include="ヘッダー ファイル\OpenGL\PrintString">
      <UniqueIdentifier>{c917fd79-667d-40ab-9adf-62def6f0d6e2}</UniqueIdentifier>
    </Filter>
    <Filter Include="ソース ファイル\GameMaster">
      <UniqueIdentifier>{df759cc0-d960-4e3d-8e39-eaffbb2a9ba0}</UniqueIdentifier>
    </Filter>
    <Filter Include="ヘッダー ファイル\GameMaster">
      <UniqueIdentifier>{7209c7c7-ee5b-4f25-8934-d835fba450db}</UniqueIdentifier>
    </Filter>
    <Filter Include="ヘッダー ファイル\GameMaster\RougeLike">
      <UniqueIdentifier>{d59bfdee-4926-429f-8f3a-e968d2b32f6b}</UniqueIdentifier>
    </Filter>
    <Filter Include="ヘッダー ファイル\Mathematics">
      <UniqueIdentifier>{ab9f12e8-1dfa-4583-a879-f2afca697662}</UniqueIdentifier>
    </Filter>
    <Filter Include="ヘッダー ファイル\Mathematics\MyVector">
      <UniqueIdentifier>{21d0a2ae-9ba6-433d-9785-c8cd2c8a3cf6}</UniqueIdentifier>
    </Filter>
    <Filter Include="ヘッダー ファイル\Mathematics\MyMath">
      <UniqueIdentifier>{2e9cd29f-36ea-4c7e-8507-510199557731}</UniqueIdentifier>
    </Filter>
    <Filter Include="ソース ファイル\GameMaster\Character">
      <UniqueIdentifier>{0b9a8b1c-5483-48b6-a3df-11fe99feea01}</UniqueIdentifier>
    </Filter>
    <Filter Include="ヘッダー ファイル\GameMaster\Character">
      <UniqueIdentifier>{fd008a04-3050-45ca-b4c1-bacb7c22cd41}</UniqueIdentifier>
    </Filter>
    <Filter Include="ヘッダー ファイル\GameMaster\Character\Player">
      <UniqueIdentifier>{2bc90ea5-564d-41c1-9b87-afe6b00f8fbf}</UniqueIdentifier>
    </Filter>
    <Filter Include="ソース ファイル\GameMaster\Character\Player">
      <UniqueIdentifier>{b626493e-ee41-44af-906b-7d6a5f237dc6}</UniqueIdentifier>
    </Filter>
    <Filter Include="ヘッダー ファイル\FPS_Controller">
      <UniqueIdentifier>{0424a765-fb4b-403d-80eb-a940462cb293}</UniqueIdentifier>
    </Filter>
    <Filter Include="ソース ファイル\GameMaster\Character\Stair">
      <UniqueIdentifier>{3c0779fc-eb6e-4588-b673-b94b1a5f5655}</UniqueIdentifier>
    </Filter>
    <Filter Include="ヘッダー ファイル\GameMaster\Character\Stair">
      <UniqueIdentifier>{d8b38a2a-ab9d-461b-bf21-312a8244e102}</UniqueIdentifier>
    </Filter>
    <Filter Include="ソース ファイル\DrawGame">
      <UniqueIdentifier>{30b0adb0-99a3-4fdb-824d-807053676122}</UniqueIdentifier>
    </Filter>
    <Filter Include="ヘッダー ファイル\DrawGame">
      <UniqueIdentifier>{52dd98ec-e9e0-471a-8540-f24813094d37}</UniqueIdentifier>
    </Filter>
    <Filter Include="ソース ファイル\DrawGame\Graphics">
      <UniqueIdentifier>{3fac506e-d635-4176-ab17-82b7695dd859}</UniqueIdentifier>
    </Filter>
    <Filter Include="ヘッダー ファイル\DrawGame\Graphics">
      <UniqueIdentifier>{ad2d4cb7-2567-4b8a-9595-40eed5cce040}</UniqueIdentifier>
    </Filter>
    <Filter Include="ソース ファイル\OpenGL\VBOLoader">
      <UniqueIdentifier>{c14a9f41-7193-463f-a925-05396ce6e2ff}</UniqueIdentifier>
    </Filter>
    <Filter Include="ヘッダー ファイル\OpenGL\VBOLoader">
      <UniqueIdentifier>{ed2e9cca-815c-4f2f-a680-ba88aa73667c}</UniqueIdentifier>
    </Filter>
    <Filter Include="ソース ファイル\OpenGL\MyShader">
      <UniqueIdentifier>{b7454839-a88f-41d4-b214-7c1e2fa36307}</UniqueIdentifier>
    </Filter>
    <Filter Include="ヘッダー ファイル\OpenGL\MyShader">
      <UniqueIdentifier>{d83ba804-1f01-4eb6-87b5-1edab2ea9f64}</UniqueIdentifier>
    </Filter>
  </ItemGroup>
  <ItemGroup>
    <ClCompile Include="main.cpp">
      <Filter>ソース ファイル</Filter>
    </ClCompile>
    <ClCompile Include="MyLibrary\MyGL\MyGL.cpp">
      <Filter>ソース ファイル\OpenGL\MyGL</Filter>
    </ClCompile>
    <ClCompile Include="MyLibrary\SceneManager\TitleScene\TitleScene.cpp">
      <Filter>ソース ファイル\SceneManager\TitleScene</Filter>
    </ClCompile>
    <ClCompile Include="MyLibrary\SceneManager\GameScene\GameScene.cpp">
      <Filter>ソース ファイル\SceneManager\GameScene</Filter>
    </ClCompile>
    <ClCompile Include="MyLibrary\SceneManager\ResultScene\ResultScene.cpp">
      <Filter>ソース ファイル\SceneManager\ResultScene</Filter>
    </ClCompile>
    <ClCompile Include="MyLibrary\SceneManager\SceneManager.cpp">
      <Filter>ソース ファイル\SceneManager</Filter>
    </ClCompile>
    <ClCompile Include="MyLibrary\PrintString\PrintString.cpp">
      <Filter>ソース ファイル\OpenGL\PrintString</Filter>
    </ClCompile>
    <ClCompile Include="MyLibrary\GameMaster\GameMaster.cpp">
      <Filter>ソース ファイル\GameMaster</Filter>
    </ClCompile>
    <ClCompile Include="MyLibrary\GameMaster\Character\Character.cpp">
      <Filter>ソース ファイル\GameMaster\Character</Filter>
    </ClCompile>
    <ClCompile Include="MyLibrary\GameMaster\Character\Player\Player.cpp">
      <Filter>ソース ファイル\GameMaster\Character\Player</Filter>
    </ClCompile>
    <ClCompile Include="MyLibrary\GameMaster\Character\Stair\Stair.cpp">
      <Filter>ソース ファイル\GameMaster\Character\Stair</Filter>
    </ClCompile>
    <ClCompile Include="MyLibrary\DrawGame\DrawGame.cpp">
      <Filter>ソース ファイル\DrawGame</Filter>
    </ClCompile>
    <ClCompile Include="MyLibrary\Graphics\ObjLoader\ObjLoader.cpp">
      <Filter>ソース ファイル\DrawGame\Graphics</Filter>
    </ClCompile>
    <ClCompile Include="MyLibrary\Graphics\BMPLoader\BMPLoader.cpp">
      <Filter>ソース ファイル\DrawGame\Graphics</Filter>
    </ClCompile>
    <ClCompile Include="MyLibrary\VBOLoader\VBOLoader.cpp">
      <Filter>ソース ファイル\OpenGL\VBOLoader</Filter>
    </ClCompile>
    <ClCompile Include="MyLibrary\MyShader\MyShader.cpp">
      <Filter>ソース ファイル\OpenGL\MyShader</Filter>
    </ClCompile>
  </ItemGroup>
  <ItemGroup>
    <None Include="packages.config" />
  </ItemGroup>
  <ItemGroup>
    <ClInclude Include="MyLibrary\MyGL\MyGL.hpp">
      <Filter>ヘッダー ファイル\OpenGL\MyGL</Filter>
    </ClInclude>
    <ClInclude Include="MyLibrary\SceneManager\BaseScene\BaseScene.hpp">
      <Filter>ヘッダー ファイル\SceneManager\BaseScene</Filter>
    </ClInclude>
    <ClInclude Include="MyLibrary\SceneManager\TitleScene\TitleScene.hpp">
      <Filter>ヘッダー ファイル\SceneManager\TitleScene</Filter>
    </ClInclude>
    <ClInclude Include="MyLibrary\SceneManager\GameScene\GameScene.hpp">
      <Filter>ヘッダー ファイル\SceneManager\GameScene</Filter>
    </ClInclude>
    <ClInclude Include="MyLibrary\SceneManager\ResultScene\ResultScene.hpp">
      <Filter>ヘッダー ファイル\SceneManager\ResultScene</Filter>
    </ClInclude>
    <ClInclude Include="MyLibrary\SceneManager\SceneManager.hpp">
      <Filter>ヘッダー ファイル\SceneManager</Filter>
    </ClInclude>
    <ClInclude Include="MyLibrary\PrintString\PrintString.hpp">
      <Filter>ヘッダー ファイル\OpenGL\PrintString</Filter>
    </ClInclude>
    <ClInclude Include="MyLibrary\SceneManager\Scene.hpp">
      <Filter>ヘッダー ファイル\SceneManager</Filter>
    </ClInclude>
    <ClInclude Include="MyLibrary\GameMaster\GameMaster.hpp">
      <Filter>ヘッダー ファイル\GameMaster</Filter>
    </ClInclude>
    <ClInclude Include="MyLibrary\GameMaster\RougeLikeMap\MapSet.hpp">
      <Filter>ヘッダー ファイル\GameMaster\RougeLike</Filter>
    </ClInclude>
    <ClInclude Include="MyLibrary\GameMaster\RougeLikeMap\RougeLikeMap.hpp">
      <Filter>ヘッダー ファイル\GameMaster\RougeLike</Filter>
    </ClInclude>
    <ClInclude Include="MyLibrary\Mathematics\MyVector\MyVector.hpp">
      <Filter>ヘッダー ファイル\Mathematics\MyVector</Filter>
    </ClInclude>
    <ClInclude Include="MyLibrary\Mathematics\MyMath\MyMath.hpp">
      <Filter>ヘッダー ファイル\Mathematics\MyMath</Filter>
    </ClInclude>
    <ClInclude Include="MyLibrary\GameMaster\GameKey.hpp">
      <Filter>ヘッダー ファイル\GameMaster</Filter>
    </ClInclude>
    <ClInclude Include="MyLibrary\GameMaster\Character\Character.hpp">
      <Filter>ヘッダー ファイル\GameMaster\Character</Filter>
    </ClInclude>
    <ClInclude Include="MyLibrary\GameMaster\Character\Direction.hpp">
      <Filter>ヘッダー ファイル\GameMaster\Character</Filter>
    </ClInclude>
    <ClInclude Include="MyLibrary\GameMaster\Character\Player\Player.hpp">
      <Filter>ヘッダー ファイル\GameMaster\Character\Player</Filter>
    </ClInclude>
    <ClInclude Include="MyLibrary\FPS_Controller\FPS_Controller.hpp">
      <Filter>ヘッダー ファイル\FPS_Controller</Filter>
    </ClInclude>
    <ClInclude Include="MyLibrary\GameMaster\Character\Stair\Stair.hpp">
      <Filter>ヘッダー ファイル\GameMaster\Character\Stair</Filter>
    </ClInclude>
    <ClInclude Include="MyLibrary\DrawGame\DrawGame.hpp">
      <Filter>ヘッダー ファイル\DrawGame</Filter>
    </ClInclude>
    <ClInclude Include="MyLibrary\Graphics\BMPLoader\BMPLoader.hpp">
      <Filter>ヘッダー ファイル\DrawGame\Graphics</Filter>
    </ClInclude>
    <ClInclude Include="MyLibrary\Graphics\ObjLoader\ObjLoader.hpp">
      <Filter>ヘッダー ファイル\DrawGame\Graphics</Filter>
    </ClInclude>
    <ClInclude Include="MyLibrary\Graphics\ResourcePath.hpp">
      <Filter>ヘッダー ファイル\DrawGame\Graphics</Filter>
    </ClInclude>
    <ClInclude Include="MyLibrary\VBOLoader\VBOLoader.hpp">
      <Filter>ヘッダー ファイル\OpenGL\VBOLoader</Filter>
    </ClInclude>
    <ClInclude Include="MyLibrary\MyShader\MyShader.hpp">
      <Filter>ヘッダー ファイル\OpenGL\MyShader</Filter>
    </ClInclude>
  </ItemGroup>
</Project>